
Microsoft Visual Studio Solution File, Format Version 12.00
# Visual Studio Version 16
VisualStudioVersion = 16.0.29001.49
MinimumVisualStudioVersion = 10.0.40219.1
Project("{FAE04EC0-301F-11D3-BF4B-00C04F79EFBC}") = "ExamenPrimerParcialHecho", "ExamenPrimerParcialHecho\ExamenPrimerParcialHecho.csproj", "{834E46AE-702B-484B-B302-BFD120164A0C}"
EndProject
Global
	GlobalSection(SolutionConfigurationPlatforms) = preSolution
		Debug|Any CPU = Debug|Any CPU
		Release|Any CPU = Release|Any CPU
	EndGlobalSection
	GlobalSection(ProjectConfigurationPlatforms) = postSolution
		{834E46AE-702B-484B-B302-BFD120164A0C}.Debug|Any CPU.ActiveCfg = Debug|Any CPU
		{834E46AE-702B-484B-B302-BFD120164A0C}.Debug|Any CPU.Build.0 = Debug|Any CPU
		{834E46AE-702B-484B-B302-BFD120164A0C}.Release|Any CPU.ActiveCfg = Release|Any CPU
		{834E46AE-702B-484B-B302-BFD120164A0C}.Release|Any CPU.Build.0 = Release|Any CPU
	EndGlobalSection
	GlobalSection(SolutionProperties) = preSolution
		HideSolutionNode = FALSE
	EndGlobalSection
	GlobalSection(ExtensibilityGlobals) = postSolution
		SolutionGuid = {43346594-13D1-4059-B393-88AD778F4338}
	EndGlobalSection
EndGlobal
